
Microsoft Visual Studio Solution File, Format Version 12.00
# Visual Studio Version 17
VisualStudioVersion = 17.9.34728.123
MinimumVisualStudioVersion = 10.0.40219.1
Project("{FAE04EC0-301F-11D3-BF4B-00C04F79EFBC}") = "MovieApp.Web", "MovieApp.Web\MovieApp.Web.csproj", "{AC9AB733-4FD7-4EED-BF13-E8815D728406}"
EndProject
Global
	GlobalSection(SolutionConfigurationPlatforms) = preSolution
		Debug|Any CPU = Debug|Any CPU
		Release|Any CPU = Release|Any CPU
	EndGlobalSection
	GlobalSection(ProjectConfigurationPlatforms) = postSolution
		{AC9AB733-4FD7-4EED-BF13-E8815D728406}.Debug|Any CPU.ActiveCfg = Debug|Any CPU
		{AC9AB733-4FD7-4EED-BF13-E8815D728406}.Debug|Any CPU.Build.0 = Debug|Any CPU
		{AC9AB733-4FD7-4EED-BF13-E8815D728406}.Release|Any CPU.ActiveCfg = Release|Any CPU
		{AC9AB733-4FD7-4EED-BF13-E8815D728406}.Release|Any CPU.Build.0 = Release|Any CPU
	EndGlobalSection
	GlobalSection(SolutionProperties) = preSolution
		HideSolutionNode = FALSE
	EndGlobalSection
	GlobalSection(ExtensibilityGlobals) = postSolution
		SolutionGuid = {39207EF8-7809-4F36-8D1D-6A954EFAC77C}
	EndGlobalSection
EndGlobal
